<?xml version="1.0" encoding="utf-8"?>
<Project ToolsVersion="4.0" xmlns="http://schemas.microsoft.com/developer/msbuild/2003">
  <ItemGroup>
    <Filter Include="Source">
      <UniqueIdentifier>{5992bd01-85b9-46f4-8eaa-0d001cd45f0a}</UniqueIdentifier>
    </Filter>
    <Filter Include="Shaders">
      <UniqueIdentifier>{2876680b-2cee-4259-b35c-972686f86c23}</UniqueIdentifier>
    </Filter>
  </ItemGroup>
  <ItemGroup>
    <ClCompile Include="Source\Main.cpp">
      <Filter>Source</Filter>
    </ClCompile>
    <ClCompile Include="Source\ShapesApp.cpp">
      <Filter>Source</Filter>
    </ClCompile>
  </ItemGroup>
  <ItemGroup>
    <ClInclude Include="Source\ShapesApp.h">
      <Filter>Source</Filter>
    </ClInclude>
    <ClInclude Include="Source\FrameResource.h">
      <Filter>Source</Filter>
    </ClInclude>
  </ItemGroup>
  <ItemGroup>
    <FxCompile Include="Shaders\color.hlsl">
      <Filter>Shaders</Filter>
    </FxCompile>
  </ItemGroup>
</Project>