<?xml version="1.0" encoding="utf-8"?>
<Project ToolsVersion="4.0" xmlns="http://schemas.microsoft.com/developer/msbuild/2003">
  <ItemGroup>
    <Filter Include="Source">
      <UniqueIdentifier>{8d7d394e-fbac-4f78-97a0-262cfda03270}</UniqueIdentifier>
    </Filter>
    <Filter Include="Source\Graphics">
      <UniqueIdentifier>{ac108a9c-cbe8-45e9-bd41-14e6d9290fcf}</UniqueIdentifier>
    </Filter>
    <Filter Include="Source\Managers">
      <UniqueIdentifier>{42a6d3b6-3576-4c24-ae4e-9b6840293d82}</UniqueIdentifier>
    </Filter>
    <Filter Include="Source\Utils">
      <UniqueIdentifier>{85789b59-3284-4248-8e22-77d72f8775fc}</UniqueIdentifier>
    </Filter>
  </ItemGroup>
  <ItemGroup>
    <ClCompile Include="Source\Application.cpp">
      <Filter>Source</Filter>
    </ClCompile>
    <ClCompile Include="Source\Managers\TimeManager.cpp">
      <Filter>Source\Managers</Filter>
    </ClCompile>
    <ClCompile Include="Source\Managers\WindowManager.cpp">
      <Filter>Source\Managers</Filter>
    </ClCompile>
    <ClCompile Include="Source\Graphics\D3DUtils.cpp">
      <Filter>Source\Graphics</Filter>
    </ClCompile>
    <ClCompile Include="Source\Graphics\DirectX12.cpp">
      <Filter>Source\Graphics</Filter>
    </ClCompile>
    <ClCompile Include="Source\Graphics\GeometryGenerator.cpp">
      <Filter>Source\Graphics</Filter>
    </ClCompile>
  </ItemGroup>
  <ItemGroup>
    <ClInclude Include="Source\Application.h">
      <Filter>Source</Filter>
    </ClInclude>
    <ClInclude Include="Source\Utils\Logs.h">
      <Filter>Source\Utils</Filter>
    </ClInclude>
    <ClInclude Include="Source\Managers\TimeManager.h">
      <Filter>Source\Managers</Filter>
    </ClInclude>
    <ClInclude Include="Source\Managers\WindowManager.h">
      <Filter>Source\Managers</Filter>
    </ClInclude>
    <ClInclude Include="Source\Graphics\D3DUtils.h">
      <Filter>Source\Graphics</Filter>
    </ClInclude>
    <ClInclude Include="Source\Graphics\DirectX12.h">
      <Filter>Source\Graphics</Filter>
    </ClInclude>
    <ClInclude Include="Source\Graphics\GeometryGenerator.h">
      <Filter>Source\Graphics</Filter>
    </ClInclude>
    <ClInclude Include="Source\Graphics\MeshGeometry.h">
      <Filter>Source\Graphics</Filter>
    </ClInclude>
    <ClInclude Include="Source\Graphics\UploadBuffer.h">
      <Filter>Source\Graphics</Filter>
    </ClInclude>
    <ClInclude Include="Source\CommonMain.h">
      <Filter>Source</Filter>
    </ClInclude>
  </ItemGroup>
</Project>